
Microsoft Visual Studio Solution File, Format Version 12.00
# Visual Studio Version 17
VisualStudioVersion = 17.14.36429.23 d17.14
MinimumVisualStudioVersion = 10.0.40219.1
Project("{FAE04EC0-301F-11D3-BF4B-00C04F79EFBC}") = "es28pag52", "es28pag52\es28pag52.csproj", "{48CDB284-01B8-4ABD-AB88-248FAF887898}"
EndProject
Global
	GlobalSection(SolutionConfigurationPlatforms) = preSolution
		Debug|Any CPU = Debug|Any CPU
		Release|Any CPU = Release|Any CPU
	EndGlobalSection
	GlobalSection(ProjectConfigurationPlatforms) = postSolution
		{48CDB284-01B8-4ABD-AB88-248FAF887898}.Debug|Any CPU.ActiveCfg = Debug|Any CPU
		{48CDB284-01B8-4ABD-AB88-248FAF887898}.Debug|Any CPU.Build.0 = Debug|Any CPU
		{48CDB284-01B8-4ABD-AB88-248FAF887898}.Release|Any CPU.ActiveCfg = Release|Any CPU
		{48CDB284-01B8-4ABD-AB88-248FAF887898}.Release|Any CPU.Build.0 = Release|Any CPU
	EndGlobalSection
	GlobalSection(SolutionProperties) = preSolution
		HideSolutionNode = FALSE
	EndGlobalSection
	GlobalSection(ExtensibilityGlobals) = postSolution
		SolutionGuid = {3A1D2C2B-CAE1-47BF-A2D8-EA43B9FEDA1C}
	EndGlobalSection
EndGlobal
