
Microsoft Visual Studio Solution File, Format Version 12.00
# Visual Studio Version 17
VisualStudioVersion = 17.13.35931.197 d17.13
MinimumVisualStudioVersion = 10.0.40219.1
Project("{FAE04EC0-301F-11D3-BF4B-00C04F79EFBC}") = "Bergese3", "Bergese3\Bergese3.csproj", "{36ABA4C3-DB95-47F5-B2A7-3B7806CD2D54}"
EndProject
Global
	GlobalSection(SolutionConfigurationPlatforms) = preSolution
		Debug|Any CPU = Debug|Any CPU
		Release|Any CPU = Release|Any CPU
	EndGlobalSection
	GlobalSection(ProjectConfigurationPlatforms) = postSolution
		{36ABA4C3-DB95-47F5-B2A7-3B7806CD2D54}.Debug|Any CPU.ActiveCfg = Debug|Any CPU
		{36ABA4C3-DB95-47F5-B2A7-3B7806CD2D54}.Debug|Any CPU.Build.0 = Debug|Any CPU
		{36ABA4C3-DB95-47F5-B2A7-3B7806CD2D54}.Release|Any CPU.ActiveCfg = Release|Any CPU
		{36ABA4C3-DB95-47F5-B2A7-3B7806CD2D54}.Release|Any CPU.Build.0 = Release|Any CPU
	EndGlobalSection
	GlobalSection(SolutionProperties) = preSolution
		HideSolutionNode = FALSE
	EndGlobalSection
	GlobalSection(ExtensibilityGlobals) = postSolution
		SolutionGuid = {F1C14793-2FE6-4E88-BF18-5FBF19F200D3}
	EndGlobalSection
EndGlobal
