
Microsoft Visual Studio Solution File, Format Version 12.00
# Visual Studio Version 17
VisualStudioVersion = 17.14.36603.0 d17.14
MinimumVisualStudioVersion = 10.0.40219.1
Project("{FAE04EC0-301F-11D3-BF4B-00C04F79EFBC}") = "EsGrafici", "EsGrafici\EsGrafici.csproj", "{9BCA976A-D16B-4A31-8521-2EC187024F41}"
EndProject
Global
	GlobalSection(SolutionConfigurationPlatforms) = preSolution
		Debug|Any CPU = Debug|Any CPU
		Release|Any CPU = Release|Any CPU
	EndGlobalSection
	GlobalSection(ProjectConfigurationPlatforms) = postSolution
		{9BCA976A-D16B-4A31-8521-2EC187024F41}.Debug|Any CPU.ActiveCfg = Debug|Any CPU
		{9BCA976A-D16B-4A31-8521-2EC187024F41}.Debug|Any CPU.Build.0 = Debug|Any CPU
		{9BCA976A-D16B-4A31-8521-2EC187024F41}.Release|Any CPU.ActiveCfg = Release|Any CPU
		{9BCA976A-D16B-4A31-8521-2EC187024F41}.Release|Any CPU.Build.0 = Release|Any CPU
	EndGlobalSection
	GlobalSection(SolutionProperties) = preSolution
		HideSolutionNode = FALSE
	EndGlobalSection
	GlobalSection(ExtensibilityGlobals) = postSolution
		SolutionGuid = {8F8CDE57-8388-452F-B90D-753D69CC2536}
	EndGlobalSection
EndGlobal
