
Microsoft Visual Studio Solution File, Format Version 12.00
# Visual Studio Version 17
VisualStudioVersion = 17.14.36518.9 d17.14
MinimumVisualStudioVersion = 10.0.40219.1
Project("{FAE04EC0-301F-11D3-BF4B-00C04F79EFBC}") = "CrackAll", "CrackAll\CrackAll.csproj", "{6C14B9F5-E672-4466-BDE3-E18F7D7A85BE}"
EndProject
Global
	GlobalSection(SolutionConfigurationPlatforms) = preSolution
		Debug|Any CPU = Debug|Any CPU
		Release|Any CPU = Release|Any CPU
	EndGlobalSection
	GlobalSection(ProjectConfigurationPlatforms) = postSolution
		{6C14B9F5-E672-4466-BDE3-E18F7D7A85BE}.Debug|Any CPU.ActiveCfg = Debug|Any CPU
		{6C14B9F5-E672-4466-BDE3-E18F7D7A85BE}.Debug|Any CPU.Build.0 = Debug|Any CPU
		{6C14B9F5-E672-4466-BDE3-E18F7D7A85BE}.Release|Any CPU.ActiveCfg = Release|Any CPU
		{6C14B9F5-E672-4466-BDE3-E18F7D7A85BE}.Release|Any CPU.Build.0 = Release|Any CPU
	EndGlobalSection
	GlobalSection(SolutionProperties) = preSolution
		HideSolutionNode = FALSE
	EndGlobalSection
	GlobalSection(ExtensibilityGlobals) = postSolution
		SolutionGuid = {C6020551-5EDB-43AE-93CA-96E575112432}
	EndGlobalSection
EndGlobal
