
Microsoft Visual Studio Solution File, Format Version 12.00
# Visual Studio Version 17
VisualStudioVersion = 17.13.35931.197 d17.13
MinimumVisualStudioVersion = 10.0.40219.1
Project("{FAE04EC0-301F-11D3-BF4B-00C04F79EFBC}") = "Pag52n26", "Pag52n26\Pag52n26.csproj", "{0D3174DF-DC5C-4F10-BEA1-700150F40253}"
EndProject
Global
	GlobalSection(SolutionConfigurationPlatforms) = preSolution
		Debug|Any CPU = Debug|Any CPU
		Release|Any CPU = Release|Any CPU
	EndGlobalSection
	GlobalSection(ProjectConfigurationPlatforms) = postSolution
		{0D3174DF-DC5C-4F10-BEA1-700150F40253}.Debug|Any CPU.ActiveCfg = Debug|Any CPU
		{0D3174DF-DC5C-4F10-BEA1-700150F40253}.Debug|Any CPU.Build.0 = Debug|Any CPU
		{0D3174DF-DC5C-4F10-BEA1-700150F40253}.Release|Any CPU.ActiveCfg = Release|Any CPU
		{0D3174DF-DC5C-4F10-BEA1-700150F40253}.Release|Any CPU.Build.0 = Release|Any CPU
	EndGlobalSection
	GlobalSection(SolutionProperties) = preSolution
		HideSolutionNode = FALSE
	EndGlobalSection
	GlobalSection(ExtensibilityGlobals) = postSolution
		SolutionGuid = {56ED0B92-8275-4633-9E71-4EE8C51261CA}
	EndGlobalSection
EndGlobal
