
Microsoft Visual Studio Solution File, Format Version 12.00
# Visual Studio Version 17
VisualStudioVersion = 17.13.35931.197 d17.13
MinimumVisualStudioVersion = 10.0.40219.1
Project("{FAE04EC0-301F-11D3-BF4B-00C04F79EFBC}") = "CrackAll", "CrackAll\CrackAll.csproj", "{4A2702E5-0887-481D-9FE4-93768762C484}"
EndProject
Global
	GlobalSection(SolutionConfigurationPlatforms) = preSolution
		Debug|Any CPU = Debug|Any CPU
		Release|Any CPU = Release|Any CPU
	EndGlobalSection
	GlobalSection(ProjectConfigurationPlatforms) = postSolution
		{4A2702E5-0887-481D-9FE4-93768762C484}.Debug|Any CPU.ActiveCfg = Debug|Any CPU
		{4A2702E5-0887-481D-9FE4-93768762C484}.Debug|Any CPU.Build.0 = Debug|Any CPU
		{4A2702E5-0887-481D-9FE4-93768762C484}.Release|Any CPU.ActiveCfg = Release|Any CPU
		{4A2702E5-0887-481D-9FE4-93768762C484}.Release|Any CPU.Build.0 = Release|Any CPU
	EndGlobalSection
	GlobalSection(SolutionProperties) = preSolution
		HideSolutionNode = FALSE
	EndGlobalSection
	GlobalSection(ExtensibilityGlobals) = postSolution
		SolutionGuid = {4ADD20CE-7C4C-40EB-8CFB-5338056D2162}
	EndGlobalSection
EndGlobal
