
Microsoft Visual Studio Solution File, Format Version 12.00
# Visual Studio Version 17
VisualStudioVersion = 17.14.36429.23 d17.14
MinimumVisualStudioVersion = 10.0.40219.1
Project("{FAE04EC0-301F-11D3-BF4B-00C04F79EFBC}") = "Es7pag51", "Es7pag51\Es7pag51.csproj", "{7B475F05-9433-40A3-B474-B3E77B914535}"
EndProject
Global
	GlobalSection(SolutionConfigurationPlatforms) = preSolution
		Debug|Any CPU = Debug|Any CPU
		Release|Any CPU = Release|Any CPU
	EndGlobalSection
	GlobalSection(ProjectConfigurationPlatforms) = postSolution
		{7B475F05-9433-40A3-B474-B3E77B914535}.Debug|Any CPU.ActiveCfg = Debug|Any CPU
		{7B475F05-9433-40A3-B474-B3E77B914535}.Debug|Any CPU.Build.0 = Debug|Any CPU
		{7B475F05-9433-40A3-B474-B3E77B914535}.Release|Any CPU.ActiveCfg = Release|Any CPU
		{7B475F05-9433-40A3-B474-B3E77B914535}.Release|Any CPU.Build.0 = Release|Any CPU
	EndGlobalSection
	GlobalSection(SolutionProperties) = preSolution
		HideSolutionNode = FALSE
	EndGlobalSection
	GlobalSection(ExtensibilityGlobals) = postSolution
		SolutionGuid = {E3BA5AB3-91FD-4205-9969-C11C1CFE5F0F}
	EndGlobalSection
EndGlobal
